
Microsoft Visual Studio Solution File, Format Version 12.00
# Visual Studio Version 17
VisualStudioVersion = 17.0.31903.59
MinimumVisualStudioVersion = 10.0.40219.1
Project("{FAE04EC0-301F-11D3-BF4B-00C04F79EFBC}") = "NeuroPuentes.API", "NeuroPuentes.API\NeuroPuentes.API.csproj", "{2ED0FDCD-95EE-457A-A01C-A06A4B77CB31}"
EndProject
Project("{FAE04EC0-301F-11D3-BF4B-00C04F79EFBC}") = "NeuroPuentes.Core", "NeuroPuentes.Core\NeuroPuentes.Core.csproj", "{7D492A2D-88C5-400F-BBAC-6A5784F93229}"
EndProject
Project("{FAE04EC0-301F-11D3-BF4B-00C04F79EFBC}") = "NeuroPuentes.Infrastructure", "NeuroPuentes.Infrastructure\NeuroPuentes.Infrastructure.csproj", "{E41493BC-5C44-47DA-BAFD-369A644E3DD5}"
EndProject
Project("{FAE04EC0-301F-11D3-BF4B-00C04F79EFBC}") = "NeuroPuentes.Tests", "NeuroPuentes.Tests\NeuroPuentes.Tests.csproj", "{BA308BD2-A130-415A-A94D-A260EB8F32D5}"
EndProject
Global
	GlobalSection(SolutionConfigurationPlatforms) = preSolution
		Debug|Any CPU = Debug|Any CPU
		Release|Any CPU = Release|Any CPU
	EndGlobalSection
	GlobalSection(SolutionProperties) = preSolution
		HideSolutionNode = FALSE
	EndGlobalSection
	GlobalSection(ProjectConfigurationPlatforms) = postSolution
		{2ED0FDCD-95EE-457A-A01C-A06A4B77CB31}.Debug|Any CPU.ActiveCfg = Debug|Any CPU
		{2ED0FDCD-95EE-457A-A01C-A06A4B77CB31}.Debug|Any CPU.Build.0 = Debug|Any CPU
		{2ED0FDCD-95EE-457A-A01C-A06A4B77CB31}.Release|Any CPU.ActiveCfg = Release|Any CPU
		{2ED0FDCD-95EE-457A-A01C-A06A4B77CB31}.Release|Any CPU.Build.0 = Release|Any CPU
		{7D492A2D-88C5-400F-BBAC-6A5784F93229}.Debug|Any CPU.ActiveCfg = Debug|Any CPU
		{7D492A2D-88C5-400F-BBAC-6A5784F93229}.Debug|Any CPU.Build.0 = Debug|Any CPU
		{7D492A2D-88C5-400F-BBAC-6A5784F93229}.Release|Any CPU.ActiveCfg = Release|Any CPU
		{7D492A2D-88C5-400F-BBAC-6A5784F93229}.Release|Any CPU.Build.0 = Release|Any CPU
		{E41493BC-5C44-47DA-BAFD-369A644E3DD5}.Debug|Any CPU.ActiveCfg = Debug|Any CPU
		{E41493BC-5C44-47DA-BAFD-369A644E3DD5}.Debug|Any CPU.Build.0 = Debug|Any CPU
		{E41493BC-5C44-47DA-BAFD-369A644E3DD5}.Release|Any CPU.ActiveCfg = Release|Any CPU
		{E41493BC-5C44-47DA-BAFD-369A644E3DD5}.Release|Any CPU.Build.0 = Release|Any CPU
		{BA308BD2-A130-415A-A94D-A260EB8F32D5}.Debug|Any CPU.ActiveCfg = Debug|Any CPU
		{BA308BD2-A130-415A-A94D-A260EB8F32D5}.Debug|Any CPU.Build.0 = Debug|Any CPU
		{BA308BD2-A130-415A-A94D-A260EB8F32D5}.Release|Any CPU.ActiveCfg = Release|Any CPU
		{BA308BD2-A130-415A-A94D-A260EB8F32D5}.Release|Any CPU.Build.0 = Release|Any CPU
	EndGlobalSection
EndGlobal
